
Microsoft Visual Studio Solution File, Format Version 12.00
# Visual Studio 15
VisualStudioVersion = 15.0.27130.2024
MinimumVisualStudioVersion = 10.0.40219.1
Project("{FAE04EC0-301F-11D3-BF4B-00C04F79EFBC}") = "ChessGame", "ChessGame\ChessGame.csproj", "{01EE5490-23AC-4AD4-A5EA-2D072A813440}"
EndProject
Global
	GlobalSection(SolutionConfigurationPlatforms) = preSolution
		Debug|Any CPU = Debug|Any CPU
		Release|Any CPU = Release|Any CPU
	EndGlobalSection
	GlobalSection(ProjectConfigurationPlatforms) = postSolution
		{01EE5490-23AC-4AD4-A5EA-2D072A813440}.Debug|Any CPU.ActiveCfg = Debug|Any CPU
		{01EE5490-23AC-4AD4-A5EA-2D072A813440}.Debug|Any CPU.Build.0 = Debug|Any CPU
		{01EE5490-23AC-4AD4-A5EA-2D072A813440}.Release|Any CPU.ActiveCfg = Release|Any CPU
		{01EE5490-23AC-4AD4-A5EA-2D072A813440}.Release|Any CPU.Build.0 = Release|Any CPU
	EndGlobalSection
	GlobalSection(SolutionProperties) = preSolution
		HideSolutionNode = FALSE
	EndGlobalSection
	GlobalSection(ExtensibilityGlobals) = postSolution
		SolutionGuid = {A1927C5F-3FD1-4334-9325-D577C20AF7E8}
	EndGlobalSection
EndGlobal
